
Microsoft Visual Studio Solution File, Format Version 12.00
# Visual Studio 15
VisualStudioVersion = 15.0.26730.16
MinimumVisualStudioVersion = 10.0.40219.1
Project("{FAE04EC0-301F-11D3-BF4B-00C04F79EFBC}") = "Kleu.Utility.Logging", "Kleu.Utility.Logging\Kleu.Utility.Logging.csproj", "{B12D3272-2C1E-40B3-A08B-2934306B87B3}"
EndProject
Project("{FAE04EC0-301F-11D3-BF4B-00C04F79EFBC}") = "Kleu.Utility.Testing", "Kleu.Utility.Testing\Kleu.Utility.Testing.csproj", "{6AABDDCA-24BD-4DC1-9F5B-1F4414D1C1B0}"
EndProject
Project("{FAE04EC0-301F-11D3-BF4B-00C04F79EFBC}") = "Kleu.Utility.Common", "Kleu.Utility.Common\Kleu.Utility.Common.csproj", "{F28C9FD0-9C14-47C4-903B-ED8E98C606B2}"
EndProject
Project("{FAE04EC0-301F-11D3-BF4B-00C04F79EFBC}") = "Kleu.Utility.Web", "Kleu.Utility.Web\Kleu.Utility.Web.csproj", "{AA37AC49-AF50-4D2A-9567-749E115FD3AB}"
EndProject
Project("{FAE04EC0-301F-11D3-BF4B-00C04F79EFBC}") = "Kleu.Utility.ConsoleHost", "Kleu.Utility.ConsoleHost\Kleu.Utility.ConsoleHost.csproj", "{67001AC3-39B6-4024-ABE4-6C03CFC449DD}"
EndProject
Project("{FAE04EC0-301F-11D3-BF4B-00C04F79EFBC}") = "Kleu.Utility.IoC", "Kleu.Utility.IoC\Kleu.Utility.IoC.csproj", "{4DECDE70-96BC-4FB1-8786-1B6DC096FCC6}"
EndProject
Global
	GlobalSection(SolutionConfigurationPlatforms) = preSolution
		Debug|Any CPU = Debug|Any CPU
		Release|Any CPU = Release|Any CPU
	EndGlobalSection
	GlobalSection(ProjectConfigurationPlatforms) = postSolution
		{B12D3272-2C1E-40B3-A08B-2934306B87B3}.Debug|Any CPU.ActiveCfg = Debug|Any CPU
		{B12D3272-2C1E-40B3-A08B-2934306B87B3}.Debug|Any CPU.Build.0 = Debug|Any CPU
		{B12D3272-2C1E-40B3-A08B-2934306B87B3}.Release|Any CPU.ActiveCfg = Release|Any CPU
		{B12D3272-2C1E-40B3-A08B-2934306B87B3}.Release|Any CPU.Build.0 = Release|Any CPU
		{6AABDDCA-24BD-4DC1-9F5B-1F4414D1C1B0}.Debug|Any CPU.ActiveCfg = Debug|Any CPU
		{6AABDDCA-24BD-4DC1-9F5B-1F4414D1C1B0}.Debug|Any CPU.Build.0 = Debug|Any CPU
		{6AABDDCA-24BD-4DC1-9F5B-1F4414D1C1B0}.Release|Any CPU.ActiveCfg = Release|Any CPU
		{6AABDDCA-24BD-4DC1-9F5B-1F4414D1C1B0}.Release|Any CPU.Build.0 = Release|Any CPU
		{F28C9FD0-9C14-47C4-903B-ED8E98C606B2}.Debug|Any CPU.ActiveCfg = Debug|Any CPU
		{F28C9FD0-9C14-47C4-903B-ED8E98C606B2}.Debug|Any CPU.Build.0 = Debug|Any CPU
		{F28C9FD0-9C14-47C4-903B-ED8E98C606B2}.Release|Any CPU.ActiveCfg = Release|Any CPU
		{F28C9FD0-9C14-47C4-903B-ED8E98C606B2}.Release|Any CPU.Build.0 = Release|Any CPU
		{AA37AC49-AF50-4D2A-9567-749E115FD3AB}.Debug|Any CPU.ActiveCfg = Debug|Any CPU
		{AA37AC49-AF50-4D2A-9567-749E115FD3AB}.Debug|Any CPU.Build.0 = Debug|Any CPU
		{AA37AC49-AF50-4D2A-9567-749E115FD3AB}.Release|Any CPU.ActiveCfg = Release|Any CPU
		{AA37AC49-AF50-4D2A-9567-749E115FD3AB}.Release|Any CPU.Build.0 = Release|Any CPU
		{67001AC3-39B6-4024-ABE4-6C03CFC449DD}.Debug|Any CPU.ActiveCfg = Debug|Any CPU
		{67001AC3-39B6-4024-ABE4-6C03CFC449DD}.Debug|Any CPU.Build.0 = Debug|Any CPU
		{67001AC3-39B6-4024-ABE4-6C03CFC449DD}.Release|Any CPU.ActiveCfg = Release|Any CPU
		{67001AC3-39B6-4024-ABE4-6C03CFC449DD}.Release|Any CPU.Build.0 = Release|Any CPU
		{4DECDE70-96BC-4FB1-8786-1B6DC096FCC6}.Debug|Any CPU.ActiveCfg = Debug|Any CPU
		{4DECDE70-96BC-4FB1-8786-1B6DC096FCC6}.Debug|Any CPU.Build.0 = Debug|Any CPU
		{4DECDE70-96BC-4FB1-8786-1B6DC096FCC6}.Release|Any CPU.ActiveCfg = Release|Any CPU
		{4DECDE70-96BC-4FB1-8786-1B6DC096FCC6}.Release|Any CPU.Build.0 = Release|Any CPU
	EndGlobalSection
	GlobalSection(SolutionProperties) = preSolution
		HideSolutionNode = FALSE
	EndGlobalSection
	GlobalSection(ExtensibilityGlobals) = postSolution
		SolutionGuid = {B8ED2FC3-B41F-4CCB-B22C-7EFD793776B6}
	EndGlobalSection
EndGlobal
